// !$*UTF8*$!
{
	archiveVersion = 1;
	classes = {
	};
	objectVersion = 46;
	objects = {

/* Begin PBXBuildFile section */
		AA2F551D18E58E1B006EFA26 /* main.c in Sources */ = {isa = PBXBuildFile; fileRef = AA2F551C18E58E1B006EFA26 /* main.c */; };
		AA2F553B18E58E36006EFA26 /* ioapi.c in Sources */ = {isa = PBXBuildFile; fileRef = AA2F553218E58E36006EFA26 /* ioapi.c */; };
		AA2F553C18E58E36006EFA26 /* mztools.c in Sources */ = {isa = PBXBuildFile; fileRef = AA2F553518E58E36006EFA26 /* mztools.c */; };
		AA2F553D18E58E36006EFA26 /* unzip.c in Sources */ = {isa = PBXBuildFile; fileRef = AA2F553718E58E36006EFA26 /* unzip.c */; };
		AA2F553E18E58E36006EFA26 /* zip.c in Sources */ = {isa = PBXBuildFile; fileRef = AA2F553918E58E36006EFA26 /* zip.c */; };
		AA2F554218E58F1B006EFA26 /* libz.dylib in Frameworks */ = {isa = PBXBuildFile; fileRef = AA2F554118E58F1B006EFA26 /* libz.dylib */; };
/* End PBXBuildFile section */

/* Begin PBXCopyFilesBuildPhase section */
		AA2F551718E58E1B006EFA26 /* CopyFiles */ = {
			isa = PBXCopyFilesBuildPhase;
			buildActionMask = 2147483647;
			dstPath = /usr/share/man/man1/;
			dstSubfolderSpec = 0;
			files = (
			);
			runOnlyForDeploymentPostprocessing = 1;
		};
/* End PBXCopyFilesBuildPhase section */

/* Begin PBXFileReference section */
		AA2F551918E58E1B006EFA26 /* zerozip */ = {isa = PBXFileReference; explicitFileType = "compiled.mach-o.executable"; includeInIndex = 0; path = zerozip; sourceTree = BUILT_PRODUCTS_DIR; };
		AA2F551C18E58E1B006EFA26 /* main.c */ = {isa = PBXFileReference; lastKnownFileType = sourcecode.c.c; path = main.c; sourceTree = "<group>"; };
		AA2F553118E58E36006EFA26 /* crypt.h */ = {isa = PBXFileReference; fileEncoding = 4; lastKnownFileType = sourcecode.c.h; path = crypt.h; sourceTree = "<group>"; };
		AA2F553218E58E36006EFA26 /* ioapi.c */ = {isa = PBXFileReference; fileEncoding = 4; lastKnownFileType = sourcecode.c.c; path = ioapi.c; sourceTree = "<group>"; };
		AA2F553318E58E36006EFA26 /* ioapi.h */ = {isa = PBXFileReference; fileEncoding = 4; lastKnownFileType = sourcecode.c.h; path = ioapi.h; sourceTree = "<group>"; };
		AA2F553418E58E36006EFA26 /* MiniZip64_info.txt */ = {isa = PBXFileReference; fileEncoding = 4; lastKnownFileType = text; path = MiniZip64_info.txt; sourceTree = "<group>"; };
		AA2F553518E58E36006EFA26 /* mztools.c */ = {isa = PBXFileReference; fileEncoding = 4; lastKnownFileType = sourcecode.c.c; path = mztools.c; sourceTree = "<group>"; };
		AA2F553618E58E36006EFA26 /* mztools.h */ = {isa = PBXFileReference; fileEncoding = 4; lastKnownFileType = sourcecode.c.h; path = mztools.h; sourceTree = "<group>"; };
		AA2F553718E58E36006EFA26 /* unzip.c */ = {isa = PBXFileReference; fileEncoding = 4; lastKnownFileType = sourcecode.c.c; path = unzip.c; sourceTree = "<group>"; };
		AA2F553818E58E36006EFA26 /* unzip.h */ = {isa = PBXFileReference; fileEncoding = 4; lastKnownFileType = sourcecode.c.h; path = unzip.h; sourceTree = "<group>"; };
		AA2F553918E58E36006EFA26 /* zip.c */ = {isa = PBXFileReference; fileEncoding = 4; lastKnownFileType = sourcecode.c.c; path = zip.c; sourceTree = "<group>"; };
		AA2F553A18E58E36006EFA26 /* zip.h */ = {isa = PBXFileReference; fileEncoding = 4; lastKnownFileType = sourcecode.c.h; path = zip.h; sourceTree = "<group>"; };
		AA2F554118E58F1B006EFA26 /* libz.dylib */ = {isa = PBXFileReference; lastKnownFileType = "compiled.mach-o.dylib"; name = libz.dylib; path = usr/lib/libz.dylib; sourceTree = SDKROOT; };
/* End PBXFileReference section */

/* Begin PBXFrameworksBuildPhase section */
		AA2F551618E58E1B006EFA26 /* Frameworks */ = {
			isa = PBXFrameworksBuildPhase;
			buildActionMask = 2147483647;
			files = (
				AA2F554218E58F1B006EFA26 /* libz.dylib in Frameworks */,
			);
			runOnlyForDeploymentPostprocessing = 0;
		};
/* End PBXFrameworksBuildPhase section */

/* Begin PBXGroup section */
		AA2F551018E58E1B006EFA26 = {
			isa = PBXGroup;
			children = (
				AA2F554118E58F1B006EFA26 /* libz.dylib */,
				AA2F551B18E58E1B006EFA26 /* zerozip */,
				AA2F553018E58E36006EFA26 /* minizip */,
				AA2F551A18E58E1B006EFA26 /* Products */,
			);
			sourceTree = "<group>";
		};
		AA2F551A18E58E1B006EFA26 /* Products */ = {
			isa = PBXGroup;
			children = (
				AA2F551918E58E1B006EFA26 /* zerozip */,
			);
			name = Products;
			sourceTree = "<group>";
		};
		AA2F551B18E58E1B006EFA26 /* zerozip */ = {
			isa = PBXGroup;
			children = (
				AA2F551C18E58E1B006EFA26 /* main.c */,
			);
			path = zerozip;
			sourceTree = "<group>";
		};
		AA2F553018E58E36006EFA26 /* minizip */ = {
			isa = PBXGroup;
			children = (
				AA2F553118E58E36006EFA26 /* crypt.h */,
				AA2F553218E58E36006EFA26 /* ioapi.c */,
				AA2F553318E58E36006EFA26 /* ioapi.h */,
				AA2F553418E58E36006EFA26 /* MiniZip64_info.txt */,
				AA2F553518E58E36006EFA26 /* mztools.c */,
				AA2F553618E58E36006EFA26 /* mztools.h */,
				AA2F553718E58E36006EFA26 /* unzip.c */,
				AA2F553818E58E36006EFA26 /* unzip.h */,
				AA2F553918E58E36006EFA26 /* zip.c */,
				AA2F553A18E58E36006EFA26 /* zip.h */,
			);
			path = minizip;
			sourceTree = "<group>";
		};
/* End PBXGroup section */

/* Begin PBXNativeTarget section */
		AA2F551818E58E1B006EFA26 /* zerozip */ = {
			isa = PBXNativeTarget;
			buildConfigurationList = AA2F552218E58E1B006EFA26 /* Build configuration list for PBXNativeTarget "zerozip" */;
			buildPhases = (
				AA2F551518E58E1B006EFA26 /* Sources */,
				AA2F551618E58E1B006EFA26 /* Frameworks */,
				AA2F551718E58E1B006EFA26 /* CopyFiles */,
			);
			buildRules = (
			);
			dependencies = (
			);
			name = zerozip;
			productName = zerozip;
			productReference = AA2F551918E58E1B006EFA26 /* zerozip */;
			productType = "com.apple.product-type.tool";
		};
/* End PBXNativeTarget section */

/* Begin PBXProject section */
		AA2F551118E58E1B006EFA26 /* Project object */ = {
			isa = PBXProject;
			attributes = {
				LastUpgradeCheck = 0510;
				ORGANIZATIONNAME = hetima;
			};
			buildConfigurationList = AA2F551418E58E1B006EFA26 /* Build configuration list for PBXProject "zerozip" */;
			compatibilityVersion = "Xcode 3.2";
			developmentRegion = English;
			hasScannedForEncodings = 0;
			knownRegions = (
				en,
			);
			mainGroup = AA2F551018E58E1B006EFA26;
			productRefGroup = AA2F551A18E58E1B006EFA26 /* Products */;
			projectDirPath = "";
			projectRoot = "";
			targets = (
				AA2F551818E58E1B006EFA26 /* zerozip */,
			);
		};
/* End PBXProject section */

/* Begin PBXSourcesBuildPhase section */
		AA2F551518E58E1B006EFA26 /* Sources */ = {
			isa = PBXSourcesBuildPhase;
			buildActionMask = 2147483647;
			files = (
				AA2F551D18E58E1B006EFA26 /* main.c in Sources */,
				AA2F553B18E58E36006EFA26 /* ioapi.c in Sources */,
				AA2F553D18E58E36006EFA26 /* unzip.c in Sources */,
				AA2F553E18E58E36006EFA26 /* zip.c in Sources */,
				AA2F553C18E58E36006EFA26 /* mztools.c in Sources */,
			);
			runOnlyForDeploymentPostprocessing = 0;
		};
/* End PBXSourcesBuildPhase section */

/* Begin XCBuildConfiguration section */
		AA2F552018E58E1B006EFA26 /* Debug */ = {
			isa = XCBuildConfiguration;
			buildSettings = {
				ALWAYS_SEARCH_USER_PATHS = NO;
				CLANG_CXX_LANGUAGE_STANDARD = "gnu++0x";
				CLANG_CXX_LIBRARY = "libc++";
				CLANG_ENABLE_MODULES = YES;
				CLANG_ENABLE_OBJC_ARC = YES;
				CLANG_WARN_BOOL_CONVERSION = YES;
				CLANG_WARN_CONSTANT_CONVERSION = YES;
				CLANG_WARN_DIRECT_OBJC_ISA_USAGE = YES_ERROR;
				CLANG_WARN_EMPTY_BODY = YES;
				CLANG_WARN_ENUM_CONVERSION = YES;
				CLANG_WARN_INT_CONVERSION = YES;
				CLANG_WARN_OBJC_ROOT_CLASS = YES_ERROR;
				CLANG_WARN__DUPLICATE_METHOD_MATCH = YES;
				COPY_PHASE_STRIP = NO;
				GCC_C_LANGUAGE_STANDARD = gnu99;
				GCC_DYNAMIC_NO_PIC = NO;
				GCC_ENABLE_OBJC_EXCEPTIONS = YES;
				GCC_OPTIMIZATION_LEVEL = 0;
				GCC_PREPROCESSOR_DEFINITIONS = (
					"DEBUG=1",
					"$(inherited)",
				);
				GCC_SYMBOLS_PRIVATE_EXTERN = NO;
				GCC_WARN_64_TO_32_BIT_CONVERSION = YES;
				GCC_WARN_ABOUT_RETURN_TYPE = YES_ERROR;
				GCC_WARN_UNDECLARED_SELECTOR = YES;
				GCC_WARN_UNINITIALIZED_AUTOS = YES_AGGRESSIVE;
				GCC_WARN_UNUSED_FUNCTION = YES;
				GCC_WARN_UNUSED_VARIABLE = YES;
				MACOSX_DEPLOYMENT_TARGET = 10.9;
				ONLY_ACTIVE_ARCH = YES;
				SDKROOT = macosx;
			};
			name = Debug;
		};
		AA2F552118E58E1B006EFA26 /* Release */ = {
			isa = XCBuildConfiguration;
			buildSettings = {
				ALWAYS_SEARCH_USER_PATHS = NO;
				CLANG_CXX_LANGUAGE_STANDARD = "gnu++0x";
				CLANG_CXX_LIBRARY = "libc++";
				CLANG_ENABLE_MODULES = YES;
				CLANG_ENABLE_OBJC_ARC = YES;
				CLANG_WARN_BOOL_CONVERSION = YES;
				CLANG_WARN_CONSTANT_CONVERSION = YES;
				CLANG_WARN_DIRECT_OBJC_ISA_USAGE = YES_ERROR;
				CLANG_WARN_EMPTY_BODY = YES;
				CLANG_WARN_ENUM_CONVERSION = YES;
				CLANG_WARN_INT_CONVERSION = YES;
				CLANG_WARN_OBJC_ROOT_CLASS = YES_ERROR;
				CLANG_WARN__DUPLICATE_METHOD_MATCH = YES;
				COPY_PHASE_STRIP = YES;
				DEBUG_INFORMATION_FORMAT = "dwarf-with-dsym";
				ENABLE_NS_ASSERTIONS = NO;
				GCC_C_LANGUAGE_STANDARD = gnu99;
				GCC_ENABLE_OBJC_EXCEPTIONS = YES;
				GCC_WARN_64_TO_32_BIT_CONVERSION = YES;
				GCC_WARN_ABOUT_RETURN_TYPE = YES_ERROR;
				GCC_WARN_UNDECLARED_SELECTOR = YES;
				GCC_WARN_UNINITIALIZED_AUTOS = YES_AGGRESSIVE;
				GCC_WARN_UNUSED_FUNCTION = YES;
				GCC_WARN_UNUSED_VARIABLE = YES;
				MACOSX_DEPLOYMENT_TARGET = 10.9;
				SDKROOT = macosx;
			};
			name = Release;
		};
		AA2F552318E58E1B006EFA26 /* Debug */ = {
			isa = XCBuildConfiguration;
			buildSettings = {
				PRODUCT_NAME = "$(TARGET_NAME)";
			};
			name = Debug;
		};
		AA2F552418E58E1B006EFA26 /* Release */ = {
			isa = XCBuildConfiguration;
			buildSettings = {
				PRODUCT_NAME = "$(TARGET_NAME)";
			};
			name = Release;
		};
/* End XCBuildConfiguration section */

/* Begin XCConfigurationList section */
		AA2F551418E58E1B006EFA26 /* Build configuration list for PBXProject "zerozip" */ = {
			isa = XCConfigurationList;
			buildConfigurations = (
				AA2F552018E58E1B006EFA26 /* Debug */,
				AA2F552118E58E1B006EFA26 /* Release */,
			);
			defaultConfigurationIsVisible = 0;
			defaultConfigurationName = Release;
		};
		AA2F552218E58E1B006EFA26 /* Build configuration list for PBXNativeTarget "zerozip" */ = {
			isa = XCConfigurationList;
			buildConfigurations = (
				AA2F552318E58E1B006EFA26 /* Debug */,
				AA2F552418E58E1B006EFA26 /* Release */,
			);
			defaultConfigurationIsVisible = 0;
			defaultConfigurationName = Release;
		};
/* End XCConfigurationList section */
	};
	rootObject = AA2F551118E58E1B006EFA26 /* Project object */;
}
